
Microsoft Visual Studio Solution File, Format Version 12.00
# Visual Studio 15
VisualStudioVersion = 15.0.26403.0
MinimumVisualStudioVersion = 10.0.40219.1
Project("{FAE04EC0-301F-11D3-BF4B-00C04F79EFBC}") = "ViewDemo", "ViewDemo\ViewDemo.csproj", "{DB5AAD4F-2221-450C-9EF8-38A9AB288000}"
EndProject
Global
	GlobalSection(SolutionConfigurationPlatforms) = preSolution
		Debug|Any CPU = Debug|Any CPU
		Release|Any CPU = Release|Any CPU
	EndGlobalSection
	GlobalSection(ProjectConfigurationPlatforms) = postSolution
		{DB5AAD4F-2221-450C-9EF8-38A9AB288000}.Debug|Any CPU.ActiveCfg = Debug|Any CPU
		{DB5AAD4F-2221-450C-9EF8-38A9AB288000}.Debug|Any CPU.Build.0 = Debug|Any CPU
		{DB5AAD4F-2221-450C-9EF8-38A9AB288000}.Release|Any CPU.ActiveCfg = Release|Any CPU
		{DB5AAD4F-2221-450C-9EF8-38A9AB288000}.Release|Any CPU.Build.0 = Release|Any CPU
	EndGlobalSection
	GlobalSection(SolutionProperties) = preSolution
		HideSolutionNode = FALSE
	EndGlobalSection
EndGlobal
